// !$*UTF8*$!
{
	archiveVersion = 1;
	classes = {
	};
	objectVersion = 56;
	objects = {

/* Begin PBXBuildFile section */
		BBA2D2FF2C64969A00B45F66 /* HackerNewsApp.swift in Sources */ = {isa = PBXBuildFile; fileRef = BBA2D2FE2C64969A00B45F66 /* HackerNewsApp.swift */; };
		BBA2D3012C64969A00B45F66 /* ContentView.swift in Sources */ = {isa = PBXBuildFile; fileRef = BBA2D3002C64969A00B45F66 /* ContentView.swift */; };
		BBA2D3032C64969C00B45F66 /* Assets.xcassets in Resources */ = {isa = PBXBuildFile; fileRef = BBA2D3022C64969C00B45F66 /* Assets.xcassets */; };
		BBA2D3062C64969C00B45F66 /* Preview Assets.xcassets in Resources */ = {isa = PBXBuildFile; fileRef = BBA2D3052C64969C00B45F66 /* Preview Assets.xcassets */; };
		BBA2D3102C64969C00B45F66 /* HackerNewsTests.swift in Sources */ = {isa = PBXBuildFile; fileRef = BBA2D30F2C64969C00B45F66 /* HackerNewsTests.swift */; };
		BBA2D31A2C64969C00B45F66 /* HackerNewsUITests.swift in Sources */ = {isa = PBXBuildFile; fileRef = BBA2D3192C64969C00B45F66 /* HackerNewsUITests.swift */; };
		BBA2D31C2C64969C00B45F66 /* HackerNewsUITestsLaunchTests.swift in Sources */ = {isa = PBXBuildFile; fileRef = BBA2D31B2C64969C00B45F66 /* HackerNewsUITestsLaunchTests.swift */; };
		BBA2D3292C649EF400B45F66 /* NetworkManager.swift in Sources */ = {isa = PBXBuildFile; fileRef = BBA2D3282C649EF400B45F66 /* NetworkManager.swift */; };
		BBA2D32B2C64A09900B45F66 /* PostModel.swift in Sources */ = {isa = PBXBuildFile; fileRef = BBA2D32A2C64A09900B45F66 /* PostModel.swift */; };
		BBA2D32F2C64BA3400B45F66 /* DetailView.swift in Sources */ = {isa = PBXBuildFile; fileRef = BBA2D32E2C64BA3400B45F66 /* DetailView.swift */; };
		BBA2D3312C64C5E900B45F66 /* NewsWebView.swift in Sources */ = {isa = PBXBuildFile; fileRef = BBA2D3302C64C5E900B45F66 /* NewsWebView.swift */; };
/* End PBXBuildFile section */

/* Begin PBXContainerItemProxy section */
		BBA2D30C2C64969C00B45F66 /* PBXContainerItemProxy */ = {
			isa = PBXContainerItemProxy;
			containerPortal = BBA2D2F32C64969A00B45F66 /* Project object */;
			proxyType = 1;
			remoteGlobalIDString = BBA2D2FA2C64969A00B45F66;
			remoteInfo = HackerNews;
		};
		BBA2D3162C64969C00B45F66 /* PBXContainerItemProxy */ = {
			isa = PBXContainerItemProxy;
			containerPortal = BBA2D2F32C64969A00B45F66 /* Project object */;
			proxyType = 1;
			remoteGlobalIDString = BBA2D2FA2C64969A00B45F66;
			remoteInfo = HackerNews;
		};
/* End PBXContainerItemProxy section */

/* Begin PBXFileReference section */
		BBA2D2FB2C64969A00B45F66 /* HackerNews.app */ = {isa = PBXFileReference; explicitFileType = wrapper.application; includeInIndex = 0; path = HackerNews.app; sourceTree = BUILT_PRODUCTS_DIR; };
		BBA2D2FE2C64969A00B45F66 /* HackerNewsApp.swift */ = {isa = PBXFileReference; lastKnownFileType = sourcecode.swift; path = HackerNewsApp.swift; sourceTree = "<group>"; };
		BBA2D3002C64969A00B45F66 /* ContentView.swift */ = {isa = PBXFileReference; lastKnownFileType = sourcecode.swift; path = ContentView.swift; sourceTree = "<group>"; };
		BBA2D3022C64969C00B45F66 /* Assets.xcassets */ = {isa = PBXFileReference; lastKnownFileType = folder.assetcatalog; path = Assets.xcassets; sourceTree = "<group>"; };
		BBA2D3052C64969C00B45F66 /* Preview Assets.xcassets */ = {isa = PBXFileReference; lastKnownFileType = folder.assetcatalog; path = "Preview Assets.xcassets"; sourceTree = "<group>"; };
		BBA2D30B2C64969C00B45F66 /* HackerNewsTests.xctest */ = {isa = PBXFileReference; explicitFileType = wrapper.cfbundle; includeInIndex = 0; path = HackerNewsTests.xctest; sourceTree = BUILT_PRODUCTS_DIR; };
		BBA2D30F2C64969C00B45F66 /* HackerNewsTests.swift */ = {isa = PBXFileReference; lastKnownFileType = sourcecode.swift; path = HackerNewsTests.swift; sourceTree = "<group>"; };
		BBA2D3152C64969C00B45F66 /* HackerNewsUITests.xctest */ = {isa = PBXFileReference; explicitFileType = wrapper.cfbundle; includeInIndex = 0; path = HackerNewsUITests.xctest; sourceTree = BUILT_PRODUCTS_DIR; };
		BBA2D3192C64969C00B45F66 /* HackerNewsUITests.swift */ = {isa = PBXFileReference; lastKnownFileType = sourcecode.swift; path = HackerNewsUITests.swift; sourceTree = "<group>"; };
		BBA2D31B2C64969C00B45F66 /* HackerNewsUITestsLaunchTests.swift */ = {isa = PBXFileReference; lastKnownFileType = sourcecode.swift; path = HackerNewsUITestsLaunchTests.swift; sourceTree = "<group>"; };
		BBA2D3282C649EF400B45F66 /* NetworkManager.swift */ = {isa = PBXFileReference; lastKnownFileType = sourcecode.swift; path = NetworkManager.swift; sourceTree = "<group>"; };
		BBA2D32A2C64A09900B45F66 /* PostModel.swift */ = {isa = PBXFileReference; lastKnownFileType = sourcecode.swift; path = PostModel.swift; sourceTree = "<group>"; };
		BBA2D32E2C64BA3400B45F66 /* DetailView.swift */ = {isa = PBXFileReference; lastKnownFileType = sourcecode.swift; path = DetailView.swift; sourceTree = "<group>"; };
		BBA2D3302C64C5E900B45F66 /* NewsWebView.swift */ = {isa = PBXFileReference; lastKnownFileType = sourcecode.swift; path = NewsWebView.swift; sourceTree = "<group>"; };
/* End PBXFileReference section */

/* Begin PBXFrameworksBuildPhase section */
		BBA2D2F82C64969A00B45F66 /* Frameworks */ = {
			isa = PBXFrameworksBuildPhase;
			buildActionMask = 2147483647;
			files = (
			);
			runOnlyForDeploymentPostprocessing = 0;
		};
		BBA2D3082C64969C00B45F66 /* Frameworks */ = {
			isa = PBXFrameworksBuildPhase;
			buildActionMask = 2147483647;
			files = (
			);
			runOnlyForDeploymentPostprocessing = 0;
		};
		BBA2D3122C64969C00B45F66 /* Frameworks */ = {
			isa = PBXFrameworksBuildPhase;
			buildActionMask = 2147483647;
			files = (
			);
			runOnlyForDeploymentPostprocessing = 0;
		};
/* End PBXFrameworksBuildPhase section */

/* Begin PBXGroup section */
		BBA2D2F22C64969A00B45F66 = {
			isa = PBXGroup;
			children = (
				BBA2D2FD2C64969A00B45F66 /* HackerNews */,
				BBA2D30E2C64969C00B45F66 /* HackerNewsTests */,
				BBA2D3182C64969C00B45F66 /* HackerNewsUITests */,
				BBA2D2FC2C64969A00B45F66 /* Products */,
			);
			sourceTree = "<group>";
		};
		BBA2D2FC2C64969A00B45F66 /* Products */ = {
			isa = PBXGroup;
			children = (
				BBA2D2FB2C64969A00B45F66 /* HackerNews.app */,
				BBA2D30B2C64969C00B45F66 /* HackerNewsTests.xctest */,
				BBA2D3152C64969C00B45F66 /* HackerNewsUITests.xctest */,
			);
			name = Products;
			sourceTree = "<group>";
		};
		BBA2D2FD2C64969A00B45F66 /* HackerNews */ = {
			isa = PBXGroup;
			children = (
				BBA2D2FE2C64969A00B45F66 /* HackerNewsApp.swift */,
				BBA2D32D2C64BA1E00B45F66 /* Views */,
				BBA2D3022C64969C00B45F66 /* Assets.xcassets */,
				BBA2D3042C64969C00B45F66 /* Preview Content */,
				BBA2D3282C649EF400B45F66 /* NetworkManager.swift */,
				BBA2D32C2C64A09F00B45F66 /* Models */,
			);
			path = HackerNews;
			sourceTree = "<group>";
		};
		BBA2D3042C64969C00B45F66 /* Preview Content */ = {
			isa = PBXGroup;
			children = (
				BBA2D3052C64969C00B45F66 /* Preview Assets.xcassets */,
			);
			path = "Preview Content";
			sourceTree = "<group>";
		};
		BBA2D30E2C64969C00B45F66 /* HackerNewsTests */ = {
			isa = PBXGroup;
			children = (
				BBA2D30F2C64969C00B45F66 /* HackerNewsTests.swift */,
			);
			path = HackerNewsTests;
			sourceTree = "<group>";
		};
		BBA2D3182C64969C00B45F66 /* HackerNewsUITests */ = {
			isa = PBXGroup;
			children = (
				BBA2D3192C64969C00B45F66 /* HackerNewsUITests.swift */,
				BBA2D31B2C64969C00B45F66 /* HackerNewsUITestsLaunchTests.swift */,
			);
			path = HackerNewsUITests;
			sourceTree = "<group>";
		};
		BBA2D32C2C64A09F00B45F66 /* Models */ = {
			isa = PBXGroup;
			children = (
				BBA2D32A2C64A09900B45F66 /* PostModel.swift */,
			);
			path = Models;
			sourceTree = "<group>";
		};
		BBA2D32D2C64BA1E00B45F66 /* Views */ = {
			isa = PBXGroup;
			children = (
				BBA2D3002C64969A00B45F66 /* ContentView.swift */,
				BBA2D32E2C64BA3400B45F66 /* DetailView.swift */,
				BBA2D3302C64C5E900B45F66 /* NewsWebView.swift */,
			);
			path = Views;
			sourceTree = "<group>";
		};
/* End PBXGroup section */

/* Begin PBXNativeTarget section */
		BBA2D2FA2C64969A00B45F66 /* HackerNews */ = {
			isa = PBXNativeTarget;
			buildConfigurationList = BBA2D31F2C64969C00B45F66 /* Build configuration list for PBXNativeTarget "HackerNews" */;
			buildPhases = (
				BBA2D2F72C64969A00B45F66 /* Sources */,
				BBA2D2F82C64969A00B45F66 /* Frameworks */,
				BBA2D2F92C64969A00B45F66 /* Resources */,
			);
			buildRules = (
			);
			dependencies = (
			);
			name = HackerNews;
			productName = HackerNews;
			productReference = BBA2D2FB2C64969A00B45F66 /* HackerNews.app */;
			productType = "com.apple.product-type.application";
		};
		BBA2D30A2C64969C00B45F66 /* HackerNewsTests */ = {
			isa = PBXNativeTarget;
			buildConfigurationList = BBA2D3222C64969C00B45F66 /* Build configuration list for PBXNativeTarget "HackerNewsTests" */;
			buildPhases = (
				BBA2D3072C64969C00B45F66 /* Sources */,
				BBA2D3082C64969C00B45F66 /* Frameworks */,
				BBA2D3092C64969C00B45F66 /* Resources */,
			);
			buildRules = (
			);
			dependencies = (
				BBA2D30D2C64969C00B45F66 /* PBXTargetDependency */,
			);
			name = HackerNewsTests;
			productName = HackerNewsTests;
			productReference = BBA2D30B2C64969C00B45F66 /* HackerNewsTests.xctest */;
			productType = "com.apple.product-type.bundle.unit-test";
		};
		BBA2D3142C64969C00B45F66 /* HackerNewsUITests */ = {
			isa = PBXNativeTarget;
			buildConfigurationList = BBA2D3252C64969C00B45F66 /* Build configuration list for PBXNativeTarget "HackerNewsUITests" */;
			buildPhases = (
				BBA2D3112C64969C00B45F66 /* Sources */,
				BBA2D3122C64969C00B45F66 /* Frameworks */,
				BBA2D3132C64969C00B45F66 /* Resources */,
			);
			buildRules = (
			);
			dependencies = (
				BBA2D3172C64969C00B45F66 /* PBXTargetDependency */,
			);
			name = HackerNewsUITests;
			productName = HackerNewsUITests;
			productReference = BBA2D3152C64969C00B45F66 /* HackerNewsUITests.xctest */;
			productType = "com.apple.product-type.bundle.ui-testing";
		};
/* End PBXNativeTarget section */

/* Begin PBXProject section */
		BBA2D2F32C64969A00B45F66 /* Project object */ = {
			isa = PBXProject;
			attributes = {
				BuildIndependentTargetsInParallel = 1;
				LastSwiftUpdateCheck = 1530;
				LastUpgradeCheck = 1530;
				TargetAttributes = {
					BBA2D2FA2C64969A00B45F66 = {
						CreatedOnToolsVersion = 15.3;
					};
					BBA2D30A2C64969C00B45F66 = {
						CreatedOnToolsVersion = 15.3;
						TestTargetID = BBA2D2FA2C64969A00B45F66;
					};
					BBA2D3142C64969C00B45F66 = {
						CreatedOnToolsVersion = 15.3;
						TestTargetID = BBA2D2FA2C64969A00B45F66;
					};
				};
			};
			buildConfigurationList = BBA2D2F62C64969A00B45F66 /* Build configuration list for PBXProject "HackerNews" */;
			compatibilityVersion = "Xcode 14.0";
			developmentRegion = en;
			hasScannedForEncodings = 0;
			knownRegions = (
				en,
				Base,
			);
			mainGroup = BBA2D2F22C64969A00B45F66;
			productRefGroup = BBA2D2FC2C64969A00B45F66 /* Products */;
			projectDirPath = "";
			projectRoot = "";
			targets = (
				BBA2D2FA2C64969A00B45F66 /* HackerNews */,
				BBA2D30A2C64969C00B45F66 /* HackerNewsTests */,
				BBA2D3142C64969C00B45F66 /* HackerNewsUITests */,
			);
		};
/* End PBXProject section */

/* Begin PBXResourcesBuildPhase section */
		BBA2D2F92C64969A00B45F66 /* Resources */ = {
			isa = PBXResourcesBuildPhase;
			buildActionMask = 2147483647;
			files = (
				BBA2D3062C64969C00B45F66 /* Preview Assets.xcassets in Resources */,
				BBA2D3032C64969C00B45F66 /* Assets.xcassets in Resources */,
			);
			runOnlyForDeploymentPostprocessing = 0;
		};
		BBA2D3092C64969C00B45F66 /* Resources */ = {
			isa = PBXResourcesBuildPhase;
			buildActionMask = 2147483647;
			files = (
			);
			runOnlyForDeploymentPostprocessing = 0;
		};
		BBA2D3132C64969C00B45F66 /* Resources */ = {
			isa = PBXResourcesBuildPhase;
			buildActionMask = 2147483647;
			files = (
			);
			runOnlyForDeploymentPostprocessing = 0;
		};
/* End PBXResourcesBuildPhase section */

/* Begin PBXSourcesBuildPhase section */
		BBA2D2F72C64969A00B45F66 /* Sources */ = {
			isa = PBXSourcesBuildPhase;
			buildActionMask = 2147483647;
			files = (
				BBA2D3292C649EF400B45F66 /* NetworkManager.swift in Sources */,
				BBA2D32B2C64A09900B45F66 /* PostModel.swift in Sources */,
				BBA2D3312C64C5E900B45F66 /* NewsWebView.swift in Sources */,
				BBA2D3012C64969A00B45F66 /* ContentView.swift in Sources */,
				BBA2D32F2C64BA3400B45F66 /* DetailView.swift in Sources */,
				BBA2D2FF2C64969A00B45F66 /* HackerNewsApp.swift in Sources */,
			);
			runOnlyForDeploymentPostprocessing = 0;
		};
		BBA2D3072C64969C00B45F66 /* Sources */ = {
			isa = PBXSourcesBuildPhase;
			buildActionMask = 2147483647;
			files = (
				BBA2D3102C64969C00B45F66 /* HackerNewsTests.swift in Sources */,
			);
			runOnlyForDeploymentPostprocessing = 0;
		};
		BBA2D3112C64969C00B45F66 /* Sources */ = {
			isa = PBXSourcesBuildPhase;
			buildActionMask = 2147483647;
			files = (
				BBA2D31A2C64969C00B45F66 /* HackerNewsUITests.swift in Sources */,
				BBA2D31C2C64969C00B45F66 /* HackerNewsUITestsLaunchTests.swift in Sources */,
			);
			runOnlyForDeploymentPostprocessing = 0;
		};
/* End PBXSourcesBuildPhase section */

/* Begin PBXTargetDependency section */
		BBA2D30D2C64969C00B45F66 /* PBXTargetDependency */ = {
			isa = PBXTargetDependency;
			target = BBA2D2FA2C64969A00B45F66 /* HackerNews */;
			targetProxy = BBA2D30C2C64969C00B45F66 /* PBXContainerItemProxy */;
		};
		BBA2D3172C64969C00B45F66 /* PBXTargetDependency */ = {
			isa = PBXTargetDependency;
			target = BBA2D2FA2C64969A00B45F66 /* HackerNews */;
			targetProxy = BBA2D3162C64969C00B45F66 /* PBXContainerItemProxy */;
		};
/* End PBXTargetDependency section */

/* Begin XCBuildConfiguration section */
		BBA2D31D2C64969C00B45F66 /* Debug */ = {
			isa = XCBuildConfiguration;
			buildSettings = {
				ALWAYS_SEARCH_USER_PATHS = NO;
				ASSETCATALOG_COMPILER_GENERATE_SWIFT_ASSET_SYMBOL_EXTENSIONS = YES;
				CLANG_ANALYZER_NONNULL = YES;
				CLANG_ANALYZER_NUMBER_OBJECT_CONVERSION = YES_AGGRESSIVE;
				CLANG_CXX_LANGUAGE_STANDARD = "gnu++20";
				CLANG_ENABLE_MODULES = YES;
				CLANG_ENABLE_OBJC_ARC = YES;
				CLANG_ENABLE_OBJC_WEAK = YES;
				CLANG_WARN_BLOCK_CAPTURE_AUTORELEASING = YES;
				CLANG_WARN_BOOL_CONVERSION = YES;
				CLANG_WARN_COMMA = YES;
				CLANG_WARN_CONSTANT_CONVERSION = YES;
				CLANG_WARN_DEPRECATED_OBJC_IMPLEMENTATIONS = YES;
				CLANG_WARN_DIRECT_OBJC_ISA_USAGE = YES_ERROR;
				CLANG_WARN_DOCUMENTATION_COMMENTS = YES;
				CLANG_WARN_EMPTY_BODY = YES;
				CLANG_WARN_ENUM_CONVERSION = YES;
				CLANG_WARN_INFINITE_RECURSION = YES;
				CLANG_WARN_INT_CONVERSION = YES;
				CLANG_WARN_NON_LITERAL_NULL_CONVERSION = YES;
				CLANG_WARN_OBJC_IMPLICIT_RETAIN_SELF = YES;
				CLANG_WARN_OBJC_LITERAL_CONVERSION = YES;
				CLANG_WARN_OBJC_ROOT_CLASS = YES_ERROR;
				CLANG_WARN_QUOTED_INCLUDE_IN_FRAMEWORK_HEADER = YES;
				CLANG_WARN_RANGE_LOOP_ANALYSIS = YES;
				CLANG_WARN_STRICT_PROTOTYPES = YES;
				CLANG_WARN_SUSPICIOUS_MOVE = YES;
				CLANG_WARN_UNGUARDED_AVAILABILITY = YES_AGGRESSIVE;
				CLANG_WARN_UNREACHABLE_CODE = YES;
				CLANG_WARN__DUPLICATE_METHOD_MATCH = YES;
				COPY_PHASE_STRIP = NO;
				DEBUG_INFORMATION_FORMAT = dwarf;
				ENABLE_STRICT_OBJC_MSGSEND = YES;
				ENABLE_TESTABILITY = YES;
				ENABLE_USER_SCRIPT_SANDBOXING = YES;
				GCC_C_LANGUAGE_STANDARD = gnu17;
				GCC_DYNAMIC_NO_PIC = NO;
				GCC_NO_COMMON_BLOCKS = YES;
				GCC_OPTIMIZATION_LEVEL = 0;
				GCC_PREPROCESSOR_DEFINITIONS = (
					"DEBUG=1",
					"$(inherited)",
				);
				GCC_WARN_64_TO_32_BIT_CONVERSION = YES;
				GCC_WARN_ABOUT_RETURN_TYPE = YES_ERROR;
				GCC_WARN_UNDECLARED_SELECTOR = YES;
				GCC_WARN_UNINITIALIZED_AUTOS = YES_AGGRESSIVE;
				GCC_WARN_UNUSED_FUNCTION = YES;
				GCC_WARN_UNUSED_VARIABLE = YES;
				IPHONEOS_DEPLOYMENT_TARGET = 17.4;
				LOCALIZATION_PREFERS_STRING_CATALOGS = YES;
				MTL_ENABLE_DEBUG_INFO = INCLUDE_SOURCE;
				MTL_FAST_MATH = YES;
				ONLY_ACTIVE_ARCH = YES;
				SDKROOT = iphoneos;
				SWIFT_ACTIVE_COMPILATION_CONDITIONS = "DEBUG $(inherited)";
				SWIFT_OPTIMIZATION_LEVEL = "-Onone";
			};
			name = Debug;
		};
		BBA2D31E2C64969C00B45F66 /* Release */ = {
			isa = XCBuildConfiguration;
			buildSettings = {
				ALWAYS_SEARCH_USER_PATHS = NO;
				ASSETCATALOG_COMPILER_GENERATE_SWIFT_ASSET_SYMBOL_EXTENSIONS = YES;
				CLANG_ANALYZER_NONNULL = YES;
				CLANG_ANALYZER_NUMBER_OBJECT_CONVERSION = YES_AGGRESSIVE;
				CLANG_CXX_LANGUAGE_STANDARD = "gnu++20";
				CLANG_ENABLE_MODULES = YES;
				CLANG_ENABLE_OBJC_ARC = YES;
				CLANG_ENABLE_OBJC_WEAK = YES;
				CLANG_WARN_BLOCK_CAPTURE_AUTORELEASING = YES;
				CLANG_WARN_BOOL_CONVERSION = YES;
				CLANG_WARN_COMMA = YES;
				CLANG_WARN_CONSTANT_CONVERSION = YES;
				CLANG_WARN_DEPRECATED_OBJC_IMPLEMENTATIONS = YES;
				CLANG_WARN_DIRECT_OBJC_ISA_USAGE = YES_ERROR;
				CLANG_WARN_DOCUMENTATION_COMMENTS = YES;
				CLANG_WARN_EMPTY_BODY = YES;
				CLANG_WARN_ENUM_CONVERSION = YES;
				CLANG_WARN_INFINITE_RECURSION = YES;
				CLANG_WARN_INT_CONVERSION = YES;
				CLANG_WARN_NON_LITERAL_NULL_CONVERSION = YES;
				CLANG_WARN_OBJC_IMPLICIT_RETAIN_SELF = YES;
				CLANG_WARN_OBJC_LITERAL_CONVERSION = YES;
				CLANG_WARN_OBJC_ROOT_CLASS = YES_ERROR;
				CLANG_WARN_QUOTED_INCLUDE_IN_FRAMEWORK_HEADER = YES;
				CLANG_WARN_RANGE_LOOP_ANALYSIS = YES;
				CLANG_WARN_STRICT_PROTOTYPES = YES;
				CLANG_WARN_SUSPICIOUS_MOVE = YES;
				CLANG_WARN_UNGUARDED_AVAILABILITY = YES_AGGRESSIVE;
				CLANG_WARN_UNREACHABLE_CODE = YES;
				CLANG_WARN__DUPLICATE_METHOD_MATCH = YES;
				COPY_PHASE_STRIP = NO;
				DEBUG_INFORMATION_FORMAT = "dwarf-with-dsym";
				ENABLE_NS_ASSERTIONS = NO;
				ENABLE_STRICT_OBJC_MSGSEND = YES;
				ENABLE_USER_SCRIPT_SANDBOXING = YES;
				GCC_C_LANGUAGE_STANDARD = gnu17;
				GCC_NO_COMMON_BLOCKS = YES;
				GCC_WARN_64_TO_32_BIT_CONVERSION = YES;
				GCC_WARN_ABOUT_RETURN_TYPE = YES_ERROR;
				GCC_WARN_UNDECLARED_SELECTOR = YES;
				GCC_WARN_UNINITIALIZED_AUTOS = YES_AGGRESSIVE;
				GCC_WARN_UNUSED_FUNCTION = YES;
				GCC_WARN_UNUSED_VARIABLE = YES;
				IPHONEOS_DEPLOYMENT_TARGET = 17.4;
				LOCALIZATION_PREFERS_STRING_CATALOGS = YES;
				MTL_ENABLE_DEBUG_INFO = NO;
				MTL_FAST_MATH = YES;
				SDKROOT = iphoneos;
				SWIFT_COMPILATION_MODE = wholemodule;
				VALIDATE_PRODUCT = YES;
			};
			name = Release;
		};
		BBA2D3202C64969C00B45F66 /* Debug */ = {
			isa = XCBuildConfiguration;
			buildSettings = {
				ASSETCATALOG_COMPILER_APPICON_NAME = AppIcon;
				ASSETCATALOG_COMPILER_GLOBAL_ACCENT_COLOR_NAME = AccentColor;
				CODE_SIGN_STYLE = Automatic;
				CURRENT_PROJECT_VERSION = 1;
				DEVELOPMENT_ASSET_PATHS = "\"HackerNews/Preview Content\"";
				DEVELOPMENT_TEAM = WFB676464L;
				ENABLE_PREVIEWS = YES;
				GENERATE_INFOPLIST_FILE = YES;
				INFOPLIST_KEY_UIApplicationSceneManifest_Generation = YES;
				INFOPLIST_KEY_UIApplicationSupportsIndirectInputEvents = YES;
				INFOPLIST_KEY_UILaunchScreen_Generation = YES;
				INFOPLIST_KEY_UISupportedInterfaceOrientations_iPad = "UIInterfaceOrientationPortrait UIInterfaceOrientationPortraitUpsideDown UIInterfaceOrientationLandscapeLeft UIInterfaceOrientationLandscapeRight";
				INFOPLIST_KEY_UISupportedInterfaceOrientations_iPhone = "UIInterfaceOrientationPortrait UIInterfaceOrientationLandscapeLeft UIInterfaceOrientationLandscapeRight";
				LD_RUNPATH_SEARCH_PATHS = (
					"$(inherited)",
					"@executable_path/Frameworks",
				);
				MARKETING_VERSION = 1.0;
				PRODUCT_BUNDLE_IDENTIFIER = com.Cintaj.HackerNews;
				PRODUCT_NAME = "$(TARGET_NAME)";
				SWIFT_EMIT_LOC_STRINGS = YES;
				SWIFT_VERSION = 5.0;
				TARGETED_DEVICE_FAMILY = "1,2";
			};
			name = Debug;
		};
		BBA2D3212C64969C00B45F66 /* Release */ = {
			isa = XCBuildConfiguration;
			buildSettings = {
				ASSETCATALOG_COMPILER_APPICON_NAME = AppIcon;
				ASSETCATALOG_COMPILER_GLOBAL_ACCENT_COLOR_NAME = AccentColor;
				CODE_SIGN_STYLE = Automatic;
				CURRENT_PROJECT_VERSION = 1;
				DEVELOPMENT_ASSET_PATHS = "\"HackerNews/Preview Content\"";
				DEVELOPMENT_TEAM = WFB676464L;
				ENABLE_PREVIEWS = YES;
				GENERATE_INFOPLIST_FILE = YES;
				INFOPLIST_KEY_UIApplicationSceneManifest_Generation = YES;
				INFOPLIST_KEY_UIApplicationSupportsIndirectInputEvents = YES;
				INFOPLIST_KEY_UILaunchScreen_Generation = YES;
				INFOPLIST_KEY_UISupportedInterfaceOrientations_iPad = "UIInterfaceOrientationPortrait UIInterfaceOrientationPortraitUpsideDown UIInterfaceOrientationLandscapeLeft UIInterfaceOrientationLandscapeRight";
				INFOPLIST_KEY_UISupportedInterfaceOrientations_iPhone = "UIInterfaceOrientationPortrait UIInterfaceOrientationLandscapeLeft UIInterfaceOrientationLandscapeRight";
				LD_RUNPATH_SEARCH_PATHS = (
					"$(inherited)",
					"@executable_path/Frameworks",
				);
				MARKETING_VERSION = 1.0;
				PRODUCT_BUNDLE_IDENTIFIER = com.Cintaj.HackerNews;
				PRODUCT_NAME = "$(TARGET_NAME)";
				SWIFT_EMIT_LOC_STRINGS = YES;
				SWIFT_VERSION = 5.0;
				TARGETED_DEVICE_FAMILY = "1,2";
			};
			name = Release;
		};
		BBA2D3232C64969C00B45F66 /* Debug */ = {
			isa = XCBuildConfiguration;
			buildSettings = {
				ALWAYS_EMBED_SWIFT_STANDARD_LIBRARIES = YES;
				BUNDLE_LOADER = "$(TEST_HOST)";
				CODE_SIGN_STYLE = Automatic;
				CURRENT_PROJECT_VERSION = 1;
				DEVELOPMENT_TEAM = WFB676464L;
				GENERATE_INFOPLIST_FILE = YES;
				IPHONEOS_DEPLOYMENT_TARGET = 17.4;
				MARKETING_VERSION = 1.0;
				PRODUCT_BUNDLE_IDENTIFIER = com.Cintaj.HackerNewsTests;
				PRODUCT_NAME = "$(TARGET_NAME)";
				SWIFT_EMIT_LOC_STRINGS = NO;
				SWIFT_VERSION = 5.0;
				TARGETED_DEVICE_FAMILY = "1,2";
				TEST_HOST = "$(BUILT_PRODUCTS_DIR)/HackerNews.app/$(BUNDLE_EXECUTABLE_FOLDER_PATH)/HackerNews";
			};
			name = Debug;
		};
		BBA2D3242C64969C00B45F66 /* Release */ = {
			isa = XCBuildConfiguration;
			buildSettings = {
				ALWAYS_EMBED_SWIFT_STANDARD_LIBRARIES = YES;
				BUNDLE_LOADER = "$(TEST_HOST)";
				CODE_SIGN_STYLE = Automatic;
				CURRENT_PROJECT_VERSION = 1;
				DEVELOPMENT_TEAM = WFB676464L;
				GENERATE_INFOPLIST_FILE = YES;
				IPHONEOS_DEPLOYMENT_TARGET = 17.4;
				MARKETING_VERSION = 1.0;
				PRODUCT_BUNDLE_IDENTIFIER = com.Cintaj.HackerNewsTests;
				PRODUCT_NAME = "$(TARGET_NAME)";
				SWIFT_EMIT_LOC_STRINGS = NO;
				SWIFT_VERSION = 5.0;
				TARGETED_DEVICE_FAMILY = "1,2";
				TEST_HOST = "$(BUILT_PRODUCTS_DIR)/HackerNews.app/$(BUNDLE_EXECUTABLE_FOLDER_PATH)/HackerNews";
			};
			name = Release;
		};
		BBA2D3262C64969C00B45F66 /* Debug */ = {
			isa = XCBuildConfiguration;
			buildSettings = {
				ALWAYS_EMBED_SWIFT_STANDARD_LIBRARIES = YES;
				CODE_SIGN_STYLE = Automatic;
				CURRENT_PROJECT_VERSION = 1;
				DEVELOPMENT_TEAM = WFB676464L;
				GENERATE_INFOPLIST_FILE = YES;
				MARKETING_VERSION = 1.0;
				PRODUCT_BUNDLE_IDENTIFIER = com.Cintaj.HackerNewsUITests;
				PRODUCT_NAME = "$(TARGET_NAME)";
				SWIFT_EMIT_LOC_STRINGS = NO;
				SWIFT_VERSION = 5.0;
				TARGETED_DEVICE_FAMILY = "1,2";
				TEST_TARGET_NAME = HackerNews;
			};
			name = Debug;
		};
		BBA2D3272C64969C00B45F66 /* Release */ = {
			isa = XCBuildConfiguration;
			buildSettings = {
				ALWAYS_EMBED_SWIFT_STANDARD_LIBRARIES = YES;
				CODE_SIGN_STYLE = Automatic;
				CURRENT_PROJECT_VERSION = 1;
				DEVELOPMENT_TEAM = WFB676464L;
				GENERATE_INFOPLIST_FILE = YES;
				MARKETING_VERSION = 1.0;
				PRODUCT_BUNDLE_IDENTIFIER = com.Cintaj.HackerNewsUITests;
				PRODUCT_NAME = "$(TARGET_NAME)";
				SWIFT_EMIT_LOC_STRINGS = NO;
				SWIFT_VERSION = 5.0;
				TARGETED_DEVICE_FAMILY = "1,2";
				TEST_TARGET_NAME = HackerNews;
			};
			name = Release;
		};
/* End XCBuildConfiguration section */

/* Begin XCConfigurationList section */
		BBA2D2F62C64969A00B45F66 /* Build configuration list for PBXProject "HackerNews" */ = {
			isa = XCConfigurationList;
			buildConfigurations = (
				BBA2D31D2C64969C00B45F66 /* Debug */,
				BBA2D31E2C64969C00B45F66 /* Release */,
			);
			defaultConfigurationIsVisible = 0;
			defaultConfigurationName = Release;
		};
		BBA2D31F2C64969C00B45F66 /* Build configuration list for PBXNativeTarget "HackerNews" */ = {
			isa = XCConfigurationList;
			buildConfigurations = (
				BBA2D3202C64969C00B45F66 /* Debug */,
				BBA2D3212C64969C00B45F66 /* Release */,
			);
			defaultConfigurationIsVisible = 0;
			defaultConfigurationName = Release;
		};
		BBA2D3222C64969C00B45F66 /* Build configuration list for PBXNativeTarget "HackerNewsTests" */ = {
			isa = XCConfigurationList;
			buildConfigurations = (
				BBA2D3232C64969C00B45F66 /* Debug */,
				BBA2D3242C64969C00B45F66 /* Release */,
			);
			defaultConfigurationIsVisible = 0;
			defaultConfigurationName = Release;
		};
		BBA2D3252C64969C00B45F66 /* Build configuration list for PBXNativeTarget "HackerNewsUITests" */ = {
			isa = XCConfigurationList;
			buildConfigurations = (
				BBA2D3262C64969C00B45F66 /* Debug */,
				BBA2D3272C64969C00B45F66 /* Release */,
			);
			defaultConfigurationIsVisible = 0;
			defaultConfigurationName = Release;
		};
/* End XCConfigurationList section */
	};
	rootObject = BBA2D2F32C64969A00B45F66 /* Project object */;
}
